// !$*UTF8*$!
{
	archiveVersion = 1;
	classes = {
	};
	objectVersion = 46;
	objects = {

/* Begin PBXBuildFile section */
		A5A532CA1BEEC9C700559D41 /* AppDelegate.swift in Sources */ = {isa = PBXBuildFile; fileRef = A5A532C91BEEC9C700559D41 /* AppDelegate.swift */; };
		A5A532CC1BEEC9C700559D41 /* ViewController.swift in Sources */ = {isa = PBXBuildFile; fileRef = A5A532CB1BEEC9C700559D41 /* ViewController.swift */; };
		A5A532CF1BEEC9C700559D41 /* Main.storyboard in Resources */ = {isa = PBXBuildFile; fileRef = A5A532CD1BEEC9C700559D41 /* Main.storyboard */; };
		A5A532D11BEEC9C700559D41 /* Assets.xcassets in Resources */ = {isa = PBXBuildFile; fileRef = A5A532D01BEEC9C700559D41 /* Assets.xcassets */; };
		A5A532D41BEEC9C700559D41 /* LaunchScreen.storyboard in Resources */ = {isa = PBXBuildFile; fileRef = A5A532D21BEEC9C700559D41 /* LaunchScreen.storyboard */; };
/* End PBXBuildFile section */

/* Begin PBXFileReference section */
		A5A532C61BEEC9C700559D41 /* PSCellStyleHighlightButton.app */ = {isa = PBXFileReference; explicitFileType = wrapper.application; includeInIndex = 0; path = PSCellStyleHighlightButton.app; sourceTree = BUILT_PRODUCTS_DIR; };
		A5A532C91BEEC9C700559D41 /* AppDelegate.swift */ = {isa = PBXFileReference; lastKnownFileType = sourcecode.swift; path = AppDelegate.swift; sourceTree = "<group>"; };
		A5A532CB1BEEC9C700559D41 /* ViewController.swift */ = {isa = PBXFileReference; lastKnownFileType = sourcecode.swift; path = ViewController.swift; sourceTree = "<group>"; };
		A5A532CE1BEEC9C700559D41 /* Base */ = {isa = PBXFileReference; lastKnownFileType = file.storyboard; name = Base; path = Base.lproj/Main.storyboard; sourceTree = "<group>"; };
		A5A532D01BEEC9C700559D41 /* Assets.xcassets */ = {isa = PBXFileReference; lastKnownFileType = folder.assetcatalog; path = Assets.xcassets; sourceTree = "<group>"; };
		A5A532D31BEEC9C700559D41 /* Base */ = {isa = PBXFileReference; lastKnownFileType = file.storyboard; name = Base; path = Base.lproj/LaunchScreen.storyboard; sourceTree = "<group>"; };
		A5A532D51BEEC9C700559D41 /* Info.plist */ = {isa = PBXFileReference; lastKnownFileType = text.plist.xml; path = Info.plist; sourceTree = "<group>"; };
/* End PBXFileReference section */

/* Begin PBXFrameworksBuildPhase section */
		A5A532C31BEEC9C700559D41 /* Frameworks */ = {
			isa = PBXFrameworksBuildPhase;
			buildActionMask = 2147483647;
			files = (
			);
			runOnlyForDeploymentPostprocessing = 0;
		};
/* End PBXFrameworksBuildPhase section */

/* Begin PBXGroup section */
		A5A532BD1BEEC9C700559D41 = {
			isa = PBXGroup;
			children = (
				A5A532C81BEEC9C700559D41 /* PSCellStyleHighlightButton */,
				A5A532C71BEEC9C700559D41 /* Products */,
			);
			sourceTree = "<group>";
		};
		A5A532C71BEEC9C700559D41 /* Products */ = {
			isa = PBXGroup;
			children = (
				A5A532C61BEEC9C700559D41 /* PSCellStyleHighlightButton.app */,
			);
			name = Products;
			sourceTree = "<group>";
		};
		A5A532C81BEEC9C700559D41 /* PSCellStyleHighlightButton */ = {
			isa = PBXGroup;
			children = (
				A5A532C91BEEC9C700559D41 /* AppDelegate.swift */,
				A5A532CB1BEEC9C700559D41 /* ViewController.swift */,
				A5A532CD1BEEC9C700559D41 /* Main.storyboard */,
				A5A532D01BEEC9C700559D41 /* Assets.xcassets */,
				A5A532D21BEEC9C700559D41 /* LaunchScreen.storyboard */,
				A5A532D51BEEC9C700559D41 /* Info.plist */,
			);
			path = PSCellStyleHighlightButton;
			sourceTree = "<group>";
		};
/* End PBXGroup section */

/* Begin PBXNativeTarget section */
		A5A532C51BEEC9C700559D41 /* PSCellStyleHighlightButton */ = {
			isa = PBXNativeTarget;
			buildConfigurationList = A5A532D81BEEC9C700559D41 /* Build configuration list for PBXNativeTarget "PSCellStyleHighlightButton" */;
			buildPhases = (
				A5A532C21BEEC9C700559D41 /* Sources */,
				A5A532C31BEEC9C700559D41 /* Frameworks */,
				A5A532C41BEEC9C700559D41 /* Resources */,
			);
			buildRules = (
			);
			dependencies = (
			);
			name = PSCellStyleHighlightButton;
			productName = PSCellStyleHighlightButton;
			productReference = A5A532C61BEEC9C700559D41 /* PSCellStyleHighlightButton.app */;
			productType = "com.apple.product-type.application";
		};
/* End PBXNativeTarget section */

/* Begin PBXProject section */
		A5A532BE1BEEC9C700559D41 /* Project object */ = {
			isa = PBXProject;
			attributes = {
				LastSwiftUpdateCheck = 0710;
				LastUpgradeCheck = 0710;
				ORGANIZATIONNAME = pedja;
				TargetAttributes = {
					A5A532C51BEEC9C700559D41 = {
						CreatedOnToolsVersion = 7.1;
					};
				};
			};
			buildConfigurationList = A5A532C11BEEC9C700559D41 /* Build configuration list for PBXProject "PSCellStyleHighlightButton" */;
			compatibilityVersion = "Xcode 3.2";
			developmentRegion = English;
			hasScannedForEncodings = 0;
			knownRegions = (
				en,
				Base,
			);
			mainGroup = A5A532BD1BEEC9C700559D41;
			productRefGroup = A5A532C71BEEC9C700559D41 /* Products */;
			projectDirPath = "";
			projectRoot = "";
			targets = (
				A5A532C51BEEC9C700559D41 /* PSCellStyleHighlightButton */,
			);
		};
/* End PBXProject section */

/* Begin PBXResourcesBuildPhase section */
		A5A532C41BEEC9C700559D41 /* Resources */ = {
			isa = PBXResourcesBuildPhase;
			buildActionMask = 2147483647;
			files = (
				A5A532D41BEEC9C700559D41 /* LaunchScreen.storyboard in Resources */,
				A5A532D11BEEC9C700559D41 /* Assets.xcassets in Resources */,
				A5A532CF1BEEC9C700559D41 /* Main.storyboard in Resources */,
			);
			runOnlyForDeploymentPostprocessing = 0;
		};
/* End PBXResourcesBuildPhase section */

/* Begin PBXSourcesBuildPhase section */
		A5A532C21BEEC9C700559D41 /* Sources */ = {
			isa = PBXSourcesBuildPhase;
			buildActionMask = 2147483647;
			files = (
				A5A532CC1BEEC9C700559D41 /* ViewController.swift in Sources */,
				A5A532CA1BEEC9C700559D41 /* AppDelegate.swift in Sources */,
			);
			runOnlyForDeploymentPostprocessing = 0;
		};
/* End PBXSourcesBuildPhase section */

/* Begin PBXVariantGroup section */
		A5A532CD1BEEC9C700559D41 /* Main.storyboard */ = {
			isa = PBXVariantGroup;
			children = (
				A5A532CE1BEEC9C700559D41 /* Base */,
			);
			name = Main.storyboard;
			sourceTree = "<group>";
		};
		A5A532D21BEEC9C700559D41 /* LaunchScreen.storyboard */ = {
			isa = PBXVariantGroup;
			children = (
				A5A532D31BEEC9C700559D41 /* Base */,
			);
			name = LaunchScreen.storyboard;
			sourceTree = "<group>";
		};
/* End PBXVariantGroup section */

/* Begin XCBuildConfiguration section */
		A5A532D61BEEC9C700559D41 /* Debug */ = {
			isa = XCBuildConfiguration;
			buildSettings = {
				ALWAYS_SEARCH_USER_PATHS = NO;
				CLANG_CXX_LANGUAGE_STANDARD = "gnu++0x";
				CLANG_CXX_LIBRARY = "libc++";
				CLANG_ENABLE_MODULES = YES;
				CLANG_ENABLE_OBJC_ARC = YES;
				CLANG_WARN_BOOL_CONVERSION = YES;
				CLANG_WARN_CONSTANT_CONVERSION = YES;
				CLANG_WARN_DIRECT_OBJC_ISA_USAGE = YES_ERROR;
				CLANG_WARN_EMPTY_BODY = YES;
				CLANG_WARN_ENUM_CONVERSION = YES;
				CLANG_WARN_INT_CONVERSION = YES;
				CLANG_WARN_OBJC_ROOT_CLASS = YES_ERROR;
				CLANG_WARN_UNREACHABLE_CODE = YES;
				CLANG_WARN__DUPLICATE_METHOD_MATCH = YES;
				"CODE_SIGN_IDENTITY[sdk=iphoneos*]" = "iPhone Developer";
				COPY_PHASE_STRIP = NO;
				DEBUG_INFORMATION_FORMAT = dwarf;
				ENABLE_STRICT_OBJC_MSGSEND = YES;
				ENABLE_TESTABILITY = YES;
				GCC_C_LANGUAGE_STANDARD = gnu99;
				GCC_DYNAMIC_NO_PIC = NO;
				GCC_NO_COMMON_BLOCKS = YES;
				GCC_OPTIMIZATION_LEVEL = 0;
				GCC_PREPROCESSOR_DEFINITIONS = (
					"DEBUG=1",
					"$(inherited)",
				);
				GCC_WARN_64_TO_32_BIT_CONVERSION = YES;
				GCC_WARN_ABOUT_RETURN_TYPE = YES_ERROR;
				GCC_WARN_UNDECLARED_SELECTOR = YES;
				GCC_WARN_UNINITIALIZED_AUTOS = YES_AGGRESSIVE;
				GCC_WARN_UNUSED_FUNCTION = YES;
				GCC_WARN_UNUSED_VARIABLE = YES;
				IPHONEOS_DEPLOYMENT_TARGET = 9.1;
				MTL_ENABLE_DEBUG_INFO = YES;
				ONLY_ACTIVE_ARCH = YES;
				SDKROOT = iphoneos;
				SWIFT_OPTIMIZATION_LEVEL = "-Onone";
				TARGETED_DEVICE_FAMILY = "1,2";
			};
			name = Debug;
		};
		A5A532D71BEEC9C700559D41 /* Release */ = {
			isa = XCBuildConfiguration;
			buildSettings = {
				ALWAYS_SEARCH_USER_PATHS = NO;
				CLANG_CXX_LANGUAGE_STANDARD = "gnu++0x";
				CLANG_CXX_LIBRARY = "libc++";
				CLANG_ENABLE_MODULES = YES;
				CLANG_ENABLE_OBJC_ARC = YES;
				CLANG_WARN_BOOL_CONVERSION = YES;
				CLANG_WARN_CONSTANT_CONVERSION = YES;
				CLANG_WARN_DIRECT_OBJC_ISA_USAGE = YES_ERROR;
				CLANG_WARN_EMPTY_BODY = YES;
				CLANG_WARN_ENUM_CONVERSION = YES;
				CLANG_WARN_INT_CONVERSION = YES;
				CLANG_WARN_OBJC_ROOT_CLASS = YES_ERROR;
				CLANG_WARN_UNREACHABLE_CODE = YES;
				CLANG_WARN__DUPLICATE_METHOD_MATCH = YES;
				"CODE_SIGN_IDENTITY[sdk=iphoneos*]" = "iPhone Developer";
				COPY_PHASE_STRIP = NO;
				DEBUG_INFORMATION_FORMAT = "dwarf-with-dsym";
				ENABLE_NS_ASSERTIONS = NO;
				ENABLE_STRICT_OBJC_MSGSEND = YES;
				GCC_C_LANGUAGE_STANDARD = gnu99;
				GCC_NO_COMMON_BLOCKS = YES;
				GCC_WARN_64_TO_32_BIT_CONVERSION = YES;
				GCC_WARN_ABOUT_RETURN_TYPE = YES_ERROR;
				GCC_WARN_UNDECLARED_SELECTOR = YES;
				GCC_WARN_UNINITIALIZED_AUTOS = YES_AGGRESSIVE;
				GCC_WARN_UNUSED_FUNCTION = YES;
				GCC_WARN_UNUSED_VARIABLE = YES;
				IPHONEOS_DEPLOYMENT_TARGET = 9.1;
				MTL_ENABLE_DEBUG_INFO = NO;
				SDKROOT = iphoneos;
				TARGETED_DEVICE_FAMILY = "1,2";
				VALIDATE_PRODUCT = YES;
			};
			name = Release;
		};
		A5A532D91BEEC9C700559D41 /* Debug */ = {
			isa = XCBuildConfiguration;
			buildSettings = {
				ASSETCATALOG_COMPILER_APPICON_NAME = AppIcon;
				INFOPLIST_FILE = PSCellStyleHighlightButton/Info.plist;
				LD_RUNPATH_SEARCH_PATHS = "$(inherited) @executable_path/Frameworks";
				PRODUCT_BUNDLE_IDENTIFIER = com.pedja.PSCellStyleHighlightButton;
				PRODUCT_NAME = "$(TARGET_NAME)";
			};
			name = Debug;
		};
		A5A532DA1BEEC9C700559D41 /* Release */ = {
			isa = XCBuildConfiguration;
			buildSettings = {
				ASSETCATALOG_COMPILER_APPICON_NAME = AppIcon;
				INFOPLIST_FILE = PSCellStyleHighlightButton/Info.plist;
				LD_RUNPATH_SEARCH_PATHS = "$(inherited) @executable_path/Frameworks";
				PRODUCT_BUNDLE_IDENTIFIER = com.pedja.PSCellStyleHighlightButton;
				PRODUCT_NAME = "$(TARGET_NAME)";
			};
			name = Release;
		};
/* End XCBuildConfiguration section */

/* Begin XCConfigurationList section */
		A5A532C11BEEC9C700559D41 /* Build configuration list for PBXProject "PSCellStyleHighlightButton" */ = {
			isa = XCConfigurationList;
			buildConfigurations = (
				A5A532D61BEEC9C700559D41 /* Debug */,
				A5A532D71BEEC9C700559D41 /* Release */,
			);
			defaultConfigurationIsVisible = 0;
			defaultConfigurationName = Release;
		};
		A5A532D81BEEC9C700559D41 /* Build configuration list for PBXNativeTarget "PSCellStyleHighlightButton" */ = {
			isa = XCConfigurationList;
			buildConfigurations = (
				A5A532D91BEEC9C700559D41 /* Debug */,
				A5A532DA1BEEC9C700559D41 /* Release */,
			);
			defaultConfigurationIsVisible = 0;
		};
/* End XCConfigurationList section */
	};
	rootObject = A5A532BE1BEEC9C700559D41 /* Project object */;
}
